
Microsoft Visual Studio Solution File, Format Version 12.00
# Visual Studio Version 16
VisualStudioVersion = 16.0.32002.261
MinimumVisualStudioVersion = 10.0.40219.1
Project("{FAE04EC0-301F-11D3-BF4B-00C04F79EFBC}") = "TTCS", "TTCS.csproj", "{8725C7EC-86FB-4501-B0D1-9CEAA0CDF765}"
EndProject
Global
	GlobalSection(SolutionConfigurationPlatforms) = preSolution
		Debug|Any CPU = Debug|Any CPU
		Release|Any CPU = Release|Any CPU
	EndGlobalSection
	GlobalSection(ProjectConfigurationPlatforms) = postSolution
		{8725C7EC-86FB-4501-B0D1-9CEAA0CDF765}.Debug|Any CPU.ActiveCfg = Debug|Any CPU
		{8725C7EC-86FB-4501-B0D1-9CEAA0CDF765}.Debug|Any CPU.Build.0 = Debug|Any CPU
		{8725C7EC-86FB-4501-B0D1-9CEAA0CDF765}.Release|Any CPU.ActiveCfg = Release|Any CPU
		{8725C7EC-86FB-4501-B0D1-9CEAA0CDF765}.Release|Any CPU.Build.0 = Release|Any CPU
	EndGlobalSection
	GlobalSection(SolutionProperties) = preSolution
		HideSolutionNode = FALSE
	EndGlobalSection
	GlobalSection(ExtensibilityGlobals) = postSolution
		SolutionGuid = {9AE7279E-49C4-43B3-948E-FA42A45E1CB1}
	EndGlobalSection
EndGlobal
